
Microsoft Visual Studio Solution File, Format Version 12.00
# Visual Studio Version 17
VisualStudioVersion = 17.0.31611.283
MinimumVisualStudioVersion = 10.0.40219.1
Project("{9A19103F-16F7-4668-BE54-9A1E7A4F7556}") = "PageNavigate", "PageNavigate\PageNavigate.csproj", "{1EC0E152-4FBB-42F6-A777-20E2E4A4022E}"
EndProject
Project("{9A19103F-16F7-4668-BE54-9A1E7A4F7556}") = "EssentialSyntax", "EssentialSyntax\EssentialSyntax.csproj", "{20DC689B-1875-4CA9-8CA1-5C6B310579CE}"
EndProject
Project("{9A19103F-16F7-4668-BE54-9A1E7A4F7556}") = "SharedResources", "SharedResources\SharedResources.csproj", "{26BEB2F2-5B17-4E23-8972-0CB3F4D2EC4D}"
EndProject
Project("{9A19103F-16F7-4668-BE54-9A1E7A4F7556}") = "StaticExtension", "StaticExtension\StaticExtension.csproj", "{9C3339AB-3348-469A-9339-9B4A1190CF69}"
EndProject
Project("{9A19103F-16F7-4668-BE54-9A1E7A4F7556}") = "DataBindings", "DataBindings\DataBindings.csproj", "{81C5C50F-E421-4836-A97A-F04A7A7E793D}"
EndProject
Project("{9A19103F-16F7-4668-BE54-9A1E7A4F7556}") = "BindingMode", "BindingMode\BindingMode.csproj", "{4EB07CA4-F593-42C9-98EC-072FF35A84BB}"
EndProject
Project("{9A19103F-16F7-4668-BE54-9A1E7A4F7556}") = "ListView", "ListView\ListView.csproj", "{14D73043-5AD8-4A17-BC92-4F7D2F3BDC94}"
EndProject
Project("{FAE04EC0-301F-11D3-BF4B-00C04F79EFBC}") = "SimpleMVVM", "SimpleMVVM\SimpleMVVM.csproj", "{7F670E9E-E133-418E-81B8-732B44FF85A6}"
EndProject
Project("{FAE04EC0-301F-11D3-BF4B-00C04F79EFBC}") = "ClockView", "ClockView\ClockView.csproj", "{4ED64C02-7835-4D64-85E2-4EA40C29B121}"
EndProject
Project("{FAE04EC0-301F-11D3-BF4B-00C04F79EFBC}") = "InteractiveMVVM", "InteractiveMVVM\InteractiveMVVM.csproj", "{5D5432DC-401D-4F29-8D28-F4177A888292}"
EndProject
Project("{FAE04EC0-301F-11D3-BF4B-00C04F79EFBC}") = "KeypadView", "KeypadView\KeypadView.csproj", "{EDA8D5E0-669D-4095-B89C-558E8B166FB4}"
EndProject
Global
	GlobalSection(SolutionConfigurationPlatforms) = preSolution
		Debug|Any CPU = Debug|Any CPU
		Release|Any CPU = Release|Any CPU
	EndGlobalSection
	GlobalSection(ProjectConfigurationPlatforms) = postSolution
		{1EC0E152-4FBB-42F6-A777-20E2E4A4022E}.Debug|Any CPU.ActiveCfg = Debug|Any CPU
		{1EC0E152-4FBB-42F6-A777-20E2E4A4022E}.Debug|Any CPU.Build.0 = Debug|Any CPU
		{1EC0E152-4FBB-42F6-A777-20E2E4A4022E}.Debug|Any CPU.Deploy.0 = Debug|Any CPU
		{1EC0E152-4FBB-42F6-A777-20E2E4A4022E}.Release|Any CPU.ActiveCfg = Release|Any CPU
		{1EC0E152-4FBB-42F6-A777-20E2E4A4022E}.Release|Any CPU.Build.0 = Release|Any CPU
		{1EC0E152-4FBB-42F6-A777-20E2E4A4022E}.Release|Any CPU.Deploy.0 = Release|Any CPU
		{20DC689B-1875-4CA9-8CA1-5C6B310579CE}.Debug|Any CPU.ActiveCfg = Debug|Any CPU
		{20DC689B-1875-4CA9-8CA1-5C6B310579CE}.Debug|Any CPU.Build.0 = Debug|Any CPU
		{20DC689B-1875-4CA9-8CA1-5C6B310579CE}.Debug|Any CPU.Deploy.0 = Debug|Any CPU
		{20DC689B-1875-4CA9-8CA1-5C6B310579CE}.Release|Any CPU.ActiveCfg = Release|Any CPU
		{20DC689B-1875-4CA9-8CA1-5C6B310579CE}.Release|Any CPU.Build.0 = Release|Any CPU
		{20DC689B-1875-4CA9-8CA1-5C6B310579CE}.Release|Any CPU.Deploy.0 = Release|Any CPU
		{26BEB2F2-5B17-4E23-8972-0CB3F4D2EC4D}.Debug|Any CPU.ActiveCfg = Debug|Any CPU
		{26BEB2F2-5B17-4E23-8972-0CB3F4D2EC4D}.Debug|Any CPU.Build.0 = Debug|Any CPU
		{26BEB2F2-5B17-4E23-8972-0CB3F4D2EC4D}.Debug|Any CPU.Deploy.0 = Debug|Any CPU
		{26BEB2F2-5B17-4E23-8972-0CB3F4D2EC4D}.Release|Any CPU.ActiveCfg = Release|Any CPU
		{26BEB2F2-5B17-4E23-8972-0CB3F4D2EC4D}.Release|Any CPU.Build.0 = Release|Any CPU
		{26BEB2F2-5B17-4E23-8972-0CB3F4D2EC4D}.Release|Any CPU.Deploy.0 = Release|Any CPU
		{9C3339AB-3348-469A-9339-9B4A1190CF69}.Debug|Any CPU.ActiveCfg = Debug|Any CPU
		{9C3339AB-3348-469A-9339-9B4A1190CF69}.Debug|Any CPU.Build.0 = Debug|Any CPU
		{9C3339AB-3348-469A-9339-9B4A1190CF69}.Debug|Any CPU.Deploy.0 = Debug|Any CPU
		{9C3339AB-3348-469A-9339-9B4A1190CF69}.Release|Any CPU.ActiveCfg = Release|Any CPU
		{9C3339AB-3348-469A-9339-9B4A1190CF69}.Release|Any CPU.Build.0 = Release|Any CPU
		{9C3339AB-3348-469A-9339-9B4A1190CF69}.Release|Any CPU.Deploy.0 = Release|Any CPU
		{81C5C50F-E421-4836-A97A-F04A7A7E793D}.Debug|Any CPU.ActiveCfg = Debug|Any CPU
		{81C5C50F-E421-4836-A97A-F04A7A7E793D}.Debug|Any CPU.Build.0 = Debug|Any CPU
		{81C5C50F-E421-4836-A97A-F04A7A7E793D}.Debug|Any CPU.Deploy.0 = Debug|Any CPU
		{81C5C50F-E421-4836-A97A-F04A7A7E793D}.Release|Any CPU.ActiveCfg = Release|Any CPU
		{81C5C50F-E421-4836-A97A-F04A7A7E793D}.Release|Any CPU.Build.0 = Release|Any CPU
		{81C5C50F-E421-4836-A97A-F04A7A7E793D}.Release|Any CPU.Deploy.0 = Release|Any CPU
		{4EB07CA4-F593-42C9-98EC-072FF35A84BB}.Debug|Any CPU.ActiveCfg = Debug|Any CPU
		{4EB07CA4-F593-42C9-98EC-072FF35A84BB}.Debug|Any CPU.Build.0 = Debug|Any CPU
		{4EB07CA4-F593-42C9-98EC-072FF35A84BB}.Debug|Any CPU.Deploy.0 = Debug|Any CPU
		{4EB07CA4-F593-42C9-98EC-072FF35A84BB}.Release|Any CPU.ActiveCfg = Release|Any CPU
		{4EB07CA4-F593-42C9-98EC-072FF35A84BB}.Release|Any CPU.Build.0 = Release|Any CPU
		{4EB07CA4-F593-42C9-98EC-072FF35A84BB}.Release|Any CPU.Deploy.0 = Release|Any CPU
		{14D73043-5AD8-4A17-BC92-4F7D2F3BDC94}.Debug|Any CPU.ActiveCfg = Debug|Any CPU
		{14D73043-5AD8-4A17-BC92-4F7D2F3BDC94}.Debug|Any CPU.Build.0 = Debug|Any CPU
		{14D73043-5AD8-4A17-BC92-4F7D2F3BDC94}.Debug|Any CPU.Deploy.0 = Debug|Any CPU
		{14D73043-5AD8-4A17-BC92-4F7D2F3BDC94}.Release|Any CPU.ActiveCfg = Release|Any CPU
		{14D73043-5AD8-4A17-BC92-4F7D2F3BDC94}.Release|Any CPU.Build.0 = Release|Any CPU
		{14D73043-5AD8-4A17-BC92-4F7D2F3BDC94}.Release|Any CPU.Deploy.0 = Release|Any CPU
		{7F670E9E-E133-418E-81B8-732B44FF85A6}.Debug|Any CPU.ActiveCfg = Debug|Any CPU
		{7F670E9E-E133-418E-81B8-732B44FF85A6}.Debug|Any CPU.Build.0 = Debug|Any CPU
		{7F670E9E-E133-418E-81B8-732B44FF85A6}.Debug|Any CPU.Deploy.0 = Debug|Any CPU
		{7F670E9E-E133-418E-81B8-732B44FF85A6}.Release|Any CPU.ActiveCfg = Release|Any CPU
		{7F670E9E-E133-418E-81B8-732B44FF85A6}.Release|Any CPU.Build.0 = Release|Any CPU
		{7F670E9E-E133-418E-81B8-732B44FF85A6}.Release|Any CPU.Deploy.0 = Release|Any CPU
		{4ED64C02-7835-4D64-85E2-4EA40C29B121}.Debug|Any CPU.ActiveCfg = Debug|Any CPU
		{4ED64C02-7835-4D64-85E2-4EA40C29B121}.Debug|Any CPU.Build.0 = Debug|Any CPU
		{4ED64C02-7835-4D64-85E2-4EA40C29B121}.Debug|Any CPU.Deploy.0 = Debug|Any CPU
		{4ED64C02-7835-4D64-85E2-4EA40C29B121}.Release|Any CPU.ActiveCfg = Release|Any CPU
		{4ED64C02-7835-4D64-85E2-4EA40C29B121}.Release|Any CPU.Build.0 = Release|Any CPU
		{4ED64C02-7835-4D64-85E2-4EA40C29B121}.Release|Any CPU.Deploy.0 = Release|Any CPU
		{5D5432DC-401D-4F29-8D28-F4177A888292}.Debug|Any CPU.ActiveCfg = Debug|Any CPU
		{5D5432DC-401D-4F29-8D28-F4177A888292}.Debug|Any CPU.Build.0 = Debug|Any CPU
		{5D5432DC-401D-4F29-8D28-F4177A888292}.Debug|Any CPU.Deploy.0 = Debug|Any CPU
		{5D5432DC-401D-4F29-8D28-F4177A888292}.Release|Any CPU.ActiveCfg = Release|Any CPU
		{5D5432DC-401D-4F29-8D28-F4177A888292}.Release|Any CPU.Build.0 = Release|Any CPU
		{5D5432DC-401D-4F29-8D28-F4177A888292}.Release|Any CPU.Deploy.0 = Release|Any CPU
		{EDA8D5E0-669D-4095-B89C-558E8B166FB4}.Debug|Any CPU.ActiveCfg = Debug|Any CPU
		{EDA8D5E0-669D-4095-B89C-558E8B166FB4}.Debug|Any CPU.Build.0 = Debug|Any CPU
		{EDA8D5E0-669D-4095-B89C-558E8B166FB4}.Debug|Any CPU.Deploy.0 = Debug|Any CPU
		{EDA8D5E0-669D-4095-B89C-558E8B166FB4}.Release|Any CPU.ActiveCfg = Release|Any CPU
		{EDA8D5E0-669D-4095-B89C-558E8B166FB4}.Release|Any CPU.Build.0 = Release|Any CPU
		{EDA8D5E0-669D-4095-B89C-558E8B166FB4}.Release|Any CPU.Deploy.0 = Release|Any CPU
	EndGlobalSection
	GlobalSection(SolutionProperties) = preSolution
		HideSolutionNode = FALSE
	EndGlobalSection
	GlobalSection(ExtensibilityGlobals) = postSolution
		SolutionGuid = {61F7FB11-1E47-470C-91E2-47F8143E1572}
	EndGlobalSection
EndGlobal
