
Microsoft Visual Studio Solution File, Format Version 12.00
# Visual Studio Version 16
VisualStudioVersion = 16.0.29318.209
MinimumVisualStudioVersion = 10.0.40219.1
Project("{FAE04EC0-301F-11D3-BF4B-00C04F79EFBC}") = "AcceleratorTest.UWP", "AcceleratorTest\AcceleratorTest.UWP\AcceleratorTest.UWP.csproj", "{0BE38763-C65E-4FAF-A3D6-5ED4B05D8457}"
EndProject
Project("{FAE04EC0-301F-11D3-BF4B-00C04F79EFBC}") = "AcceleratorTest.Android", "AcceleratorTest\AcceleratorTest.Android\AcceleratorTest.Android.csproj", "{F1AA101C-A615-4842-A9DB-DF3D804655BB}"
EndProject
Project("{FAE04EC0-301F-11D3-BF4B-00C04F79EFBC}") = "AcceleratorTest.iOS", "AcceleratorTest\AcceleratorTest.iOS\AcceleratorTest.iOS.csproj", "{5150D080-5B45-4B74-8593-8C92C4603BCC}"
EndProject
Project("{FAE04EC0-301F-11D3-BF4B-00C04F79EFBC}") = "AcceleratorTest", "AcceleratorTest\AcceleratorTest\AcceleratorTest.csproj", "{0DF5AC79-03B6-4DC7-BE09-B250DB1FABF7}"
EndProject
Global
	GlobalSection(SolutionConfigurationPlatforms) = preSolution
		Debug|Any CPU = Debug|Any CPU
		Debug|ARM = Debug|ARM
		Debug|iPhone = Debug|iPhone
		Debug|iPhoneSimulator = Debug|iPhoneSimulator
		Debug|x64 = Debug|x64
		Debug|x86 = Debug|x86
		Release|Any CPU = Release|Any CPU
		Release|ARM = Release|ARM
		Release|iPhone = Release|iPhone
		Release|iPhoneSimulator = Release|iPhoneSimulator
		Release|x64 = Release|x64
		Release|x86 = Release|x86
	EndGlobalSection
	GlobalSection(ProjectConfigurationPlatforms) = postSolution
		{0BE38763-C65E-4FAF-A3D6-5ED4B05D8457}.Debug|Any CPU.ActiveCfg = Debug|x86
		{0BE38763-C65E-4FAF-A3D6-5ED4B05D8457}.Debug|Any CPU.Build.0 = Debug|x86
		{0BE38763-C65E-4FAF-A3D6-5ED4B05D8457}.Debug|Any CPU.Deploy.0 = Debug|x86
		{0BE38763-C65E-4FAF-A3D6-5ED4B05D8457}.Debug|ARM.ActiveCfg = Debug|ARM
		{0BE38763-C65E-4FAF-A3D6-5ED4B05D8457}.Debug|ARM.Build.0 = Debug|ARM
		{0BE38763-C65E-4FAF-A3D6-5ED4B05D8457}.Debug|ARM.Deploy.0 = Debug|ARM
		{0BE38763-C65E-4FAF-A3D6-5ED4B05D8457}.Debug|iPhone.ActiveCfg = Debug|x86
		{0BE38763-C65E-4FAF-A3D6-5ED4B05D8457}.Debug|iPhone.Build.0 = Debug|x86
		{0BE38763-C65E-4FAF-A3D6-5ED4B05D8457}.Debug|iPhone.Deploy.0 = Debug|x86
		{0BE38763-C65E-4FAF-A3D6-5ED4B05D8457}.Debug|iPhoneSimulator.ActiveCfg = Debug|x86
		{0BE38763-C65E-4FAF-A3D6-5ED4B05D8457}.Debug|iPhoneSimulator.Build.0 = Debug|x86
		{0BE38763-C65E-4FAF-A3D6-5ED4B05D8457}.Debug|iPhoneSimulator.Deploy.0 = Debug|x86
		{0BE38763-C65E-4FAF-A3D6-5ED4B05D8457}.Debug|x64.ActiveCfg = Debug|x64
		{0BE38763-C65E-4FAF-A3D6-5ED4B05D8457}.Debug|x64.Build.0 = Debug|x64
		{0BE38763-C65E-4FAF-A3D6-5ED4B05D8457}.Debug|x64.Deploy.0 = Debug|x64
		{0BE38763-C65E-4FAF-A3D6-5ED4B05D8457}.Debug|x86.ActiveCfg = Debug|x86
		{0BE38763-C65E-4FAF-A3D6-5ED4B05D8457}.Debug|x86.Build.0 = Debug|x86
		{0BE38763-C65E-4FAF-A3D6-5ED4B05D8457}.Debug|x86.Deploy.0 = Debug|x86
		{0BE38763-C65E-4FAF-A3D6-5ED4B05D8457}.Release|Any CPU.ActiveCfg = Release|x86
		{0BE38763-C65E-4FAF-A3D6-5ED4B05D8457}.Release|Any CPU.Build.0 = Release|x86
		{0BE38763-C65E-4FAF-A3D6-5ED4B05D8457}.Release|Any CPU.Deploy.0 = Release|x86
		{0BE38763-C65E-4FAF-A3D6-5ED4B05D8457}.Release|ARM.ActiveCfg = Release|ARM
		{0BE38763-C65E-4FAF-A3D6-5ED4B05D8457}.Release|ARM.Build.0 = Release|ARM
		{0BE38763-C65E-4FAF-A3D6-5ED4B05D8457}.Release|ARM.Deploy.0 = Release|ARM
		{0BE38763-C65E-4FAF-A3D6-5ED4B05D8457}.Release|iPhone.ActiveCfg = Release|x86
		{0BE38763-C65E-4FAF-A3D6-5ED4B05D8457}.Release|iPhone.Build.0 = Release|x86
		{0BE38763-C65E-4FAF-A3D6-5ED4B05D8457}.Release|iPhone.Deploy.0 = Release|x86
		{0BE38763-C65E-4FAF-A3D6-5ED4B05D8457}.Release|iPhoneSimulator.ActiveCfg = Release|x86
		{0BE38763-C65E-4FAF-A3D6-5ED4B05D8457}.Release|iPhoneSimulator.Build.0 = Release|x86
		{0BE38763-C65E-4FAF-A3D6-5ED4B05D8457}.Release|iPhoneSimulator.Deploy.0 = Release|x86
		{0BE38763-C65E-4FAF-A3D6-5ED4B05D8457}.Release|x64.ActiveCfg = Release|x64
		{0BE38763-C65E-4FAF-A3D6-5ED4B05D8457}.Release|x64.Build.0 = Release|x64
		{0BE38763-C65E-4FAF-A3D6-5ED4B05D8457}.Release|x64.Deploy.0 = Release|x64
		{0BE38763-C65E-4FAF-A3D6-5ED4B05D8457}.Release|x86.ActiveCfg = Release|x86
		{0BE38763-C65E-4FAF-A3D6-5ED4B05D8457}.Release|x86.Build.0 = Release|x86
		{0BE38763-C65E-4FAF-A3D6-5ED4B05D8457}.Release|x86.Deploy.0 = Release|x86
		{F1AA101C-A615-4842-A9DB-DF3D804655BB}.Debug|Any CPU.ActiveCfg = Debug|Any CPU
		{F1AA101C-A615-4842-A9DB-DF3D804655BB}.Debug|Any CPU.Build.0 = Debug|Any CPU
		{F1AA101C-A615-4842-A9DB-DF3D804655BB}.Debug|Any CPU.Deploy.0 = Debug|Any CPU
		{F1AA101C-A615-4842-A9DB-DF3D804655BB}.Debug|ARM.ActiveCfg = Debug|Any CPU
		{F1AA101C-A615-4842-A9DB-DF3D804655BB}.Debug|ARM.Build.0 = Debug|Any CPU
		{F1AA101C-A615-4842-A9DB-DF3D804655BB}.Debug|ARM.Deploy.0 = Debug|Any CPU
		{F1AA101C-A615-4842-A9DB-DF3D804655BB}.Debug|iPhone.ActiveCfg = Debug|Any CPU
		{F1AA101C-A615-4842-A9DB-DF3D804655BB}.Debug|iPhone.Build.0 = Debug|Any CPU
		{F1AA101C-A615-4842-A9DB-DF3D804655BB}.Debug|iPhone.Deploy.0 = Debug|Any CPU
		{F1AA101C-A615-4842-A9DB-DF3D804655BB}.Debug|iPhoneSimulator.ActiveCfg = Debug|Any CPU
		{F1AA101C-A615-4842-A9DB-DF3D804655BB}.Debug|iPhoneSimulator.Build.0 = Debug|Any CPU
		{F1AA101C-A615-4842-A9DB-DF3D804655BB}.Debug|iPhoneSimulator.Deploy.0 = Debug|Any CPU
		{F1AA101C-A615-4842-A9DB-DF3D804655BB}.Debug|x64.ActiveCfg = Debug|Any CPU
		{F1AA101C-A615-4842-A9DB-DF3D804655BB}.Debug|x64.Build.0 = Debug|Any CPU
		{F1AA101C-A615-4842-A9DB-DF3D804655BB}.Debug|x64.Deploy.0 = Debug|Any CPU
		{F1AA101C-A615-4842-A9DB-DF3D804655BB}.Debug|x86.ActiveCfg = Debug|Any CPU
		{F1AA101C-A615-4842-A9DB-DF3D804655BB}.Debug|x86.Build.0 = Debug|Any CPU
		{F1AA101C-A615-4842-A9DB-DF3D804655BB}.Debug|x86.Deploy.0 = Debug|Any CPU
		{F1AA101C-A615-4842-A9DB-DF3D804655BB}.Release|Any CPU.ActiveCfg = Release|Any CPU
		{F1AA101C-A615-4842-A9DB-DF3D804655BB}.Release|Any CPU.Build.0 = Release|Any CPU
		{F1AA101C-A615-4842-A9DB-DF3D804655BB}.Release|Any CPU.Deploy.0 = Release|Any CPU
		{F1AA101C-A615-4842-A9DB-DF3D804655BB}.Release|ARM.ActiveCfg = Release|Any CPU
		{F1AA101C-A615-4842-A9DB-DF3D804655BB}.Release|ARM.Build.0 = Release|Any CPU
		{F1AA101C-A615-4842-A9DB-DF3D804655BB}.Release|ARM.Deploy.0 = Release|Any CPU
		{F1AA101C-A615-4842-A9DB-DF3D804655BB}.Release|iPhone.ActiveCfg = Release|Any CPU
		{F1AA101C-A615-4842-A9DB-DF3D804655BB}.Release|iPhone.Build.0 = Release|Any CPU
		{F1AA101C-A615-4842-A9DB-DF3D804655BB}.Release|iPhone.Deploy.0 = Release|Any CPU
		{F1AA101C-A615-4842-A9DB-DF3D804655BB}.Release|iPhoneSimulator.ActiveCfg = Release|Any CPU
		{F1AA101C-A615-4842-A9DB-DF3D804655BB}.Release|iPhoneSimulator.Build.0 = Release|Any CPU
		{F1AA101C-A615-4842-A9DB-DF3D804655BB}.Release|iPhoneSimulator.Deploy.0 = Release|Any CPU
		{F1AA101C-A615-4842-A9DB-DF3D804655BB}.Release|x64.ActiveCfg = Release|Any CPU
		{F1AA101C-A615-4842-A9DB-DF3D804655BB}.Release|x64.Build.0 = Release|Any CPU
		{F1AA101C-A615-4842-A9DB-DF3D804655BB}.Release|x64.Deploy.0 = Release|Any CPU
		{F1AA101C-A615-4842-A9DB-DF3D804655BB}.Release|x86.ActiveCfg = Release|Any CPU
		{F1AA101C-A615-4842-A9DB-DF3D804655BB}.Release|x86.Build.0 = Release|Any CPU
		{F1AA101C-A615-4842-A9DB-DF3D804655BB}.Release|x86.Deploy.0 = Release|Any CPU
		{5150D080-5B45-4B74-8593-8C92C4603BCC}.Debug|Any CPU.ActiveCfg = Debug|iPhone
		{5150D080-5B45-4B74-8593-8C92C4603BCC}.Debug|Any CPU.Build.0 = Debug|iPhone
		{5150D080-5B45-4B74-8593-8C92C4603BCC}.Debug|Any CPU.Deploy.0 = Debug|iPhone
		{5150D080-5B45-4B74-8593-8C92C4603BCC}.Debug|ARM.ActiveCfg = Debug|iPhoneSimulator
		{5150D080-5B45-4B74-8593-8C92C4603BCC}.Debug|ARM.Build.0 = Debug|iPhoneSimulator
		{5150D080-5B45-4B74-8593-8C92C4603BCC}.Debug|ARM.Deploy.0 = Debug|iPhoneSimulator
		{5150D080-5B45-4B74-8593-8C92C4603BCC}.Debug|iPhone.ActiveCfg = Debug|iPhone
		{5150D080-5B45-4B74-8593-8C92C4603BCC}.Debug|iPhone.Build.0 = Debug|iPhone
		{5150D080-5B45-4B74-8593-8C92C4603BCC}.Debug|iPhone.Deploy.0 = Debug|iPhone
		{5150D080-5B45-4B74-8593-8C92C4603BCC}.Debug|iPhoneSimulator.ActiveCfg = Debug|iPhoneSimulator
		{5150D080-5B45-4B74-8593-8C92C4603BCC}.Debug|iPhoneSimulator.Build.0 = Debug|iPhoneSimulator
		{5150D080-5B45-4B74-8593-8C92C4603BCC}.Debug|iPhoneSimulator.Deploy.0 = Debug|iPhoneSimulator
		{5150D080-5B45-4B74-8593-8C92C4603BCC}.Debug|x64.ActiveCfg = Debug|iPhone
		{5150D080-5B45-4B74-8593-8C92C4603BCC}.Debug|x64.Build.0 = Debug|iPhone
		{5150D080-5B45-4B74-8593-8C92C4603BCC}.Debug|x64.Deploy.0 = Debug|iPhone
		{5150D080-5B45-4B74-8593-8C92C4603BCC}.Debug|x86.ActiveCfg = Debug|iPhone
		{5150D080-5B45-4B74-8593-8C92C4603BCC}.Debug|x86.Build.0 = Debug|iPhone
		{5150D080-5B45-4B74-8593-8C92C4603BCC}.Debug|x86.Deploy.0 = Debug|iPhone
		{5150D080-5B45-4B74-8593-8C92C4603BCC}.Release|Any CPU.ActiveCfg = Release|iPhone
		{5150D080-5B45-4B74-8593-8C92C4603BCC}.Release|Any CPU.Build.0 = Release|iPhone
		{5150D080-5B45-4B74-8593-8C92C4603BCC}.Release|Any CPU.Deploy.0 = Release|iPhone
		{5150D080-5B45-4B74-8593-8C92C4603BCC}.Release|ARM.ActiveCfg = Release|iPhone
		{5150D080-5B45-4B74-8593-8C92C4603BCC}.Release|ARM.Build.0 = Release|iPhone
		{5150D080-5B45-4B74-8593-8C92C4603BCC}.Release|ARM.Deploy.0 = Release|iPhone
		{5150D080-5B45-4B74-8593-8C92C4603BCC}.Release|iPhone.ActiveCfg = Release|iPhone
		{5150D080-5B45-4B74-8593-8C92C4603BCC}.Release|iPhone.Build.0 = Release|iPhone
		{5150D080-5B45-4B74-8593-8C92C4603BCC}.Release|iPhone.Deploy.0 = Release|iPhone
		{5150D080-5B45-4B74-8593-8C92C4603BCC}.Release|iPhoneSimulator.ActiveCfg = Release|iPhoneSimulator
		{5150D080-5B45-4B74-8593-8C92C4603BCC}.Release|iPhoneSimulator.Build.0 = Release|iPhoneSimulator
		{5150D080-5B45-4B74-8593-8C92C4603BCC}.Release|iPhoneSimulator.Deploy.0 = Release|iPhoneSimulator
		{5150D080-5B45-4B74-8593-8C92C4603BCC}.Release|x64.ActiveCfg = Release|iPhone
		{5150D080-5B45-4B74-8593-8C92C4603BCC}.Release|x64.Build.0 = Release|iPhone
		{5150D080-5B45-4B74-8593-8C92C4603BCC}.Release|x64.Deploy.0 = Release|iPhone
		{5150D080-5B45-4B74-8593-8C92C4603BCC}.Release|x86.ActiveCfg = Release|iPhone
		{5150D080-5B45-4B74-8593-8C92C4603BCC}.Release|x86.Build.0 = Release|iPhone
		{5150D080-5B45-4B74-8593-8C92C4603BCC}.Release|x86.Deploy.0 = Release|iPhone
		{0DF5AC79-03B6-4DC7-BE09-B250DB1FABF7}.Debug|Any CPU.ActiveCfg = Debug|Any CPU
		{0DF5AC79-03B6-4DC7-BE09-B250DB1FABF7}.Debug|Any CPU.Build.0 = Debug|Any CPU
		{0DF5AC79-03B6-4DC7-BE09-B250DB1FABF7}.Debug|Any CPU.Deploy.0 = Debug|Any CPU
		{0DF5AC79-03B6-4DC7-BE09-B250DB1FABF7}.Debug|ARM.ActiveCfg = Debug|Any CPU
		{0DF5AC79-03B6-4DC7-BE09-B250DB1FABF7}.Debug|ARM.Build.0 = Debug|Any CPU
		{0DF5AC79-03B6-4DC7-BE09-B250DB1FABF7}.Debug|ARM.Deploy.0 = Debug|Any CPU
		{0DF5AC79-03B6-4DC7-BE09-B250DB1FABF7}.Debug|iPhone.ActiveCfg = Debug|Any CPU
		{0DF5AC79-03B6-4DC7-BE09-B250DB1FABF7}.Debug|iPhone.Build.0 = Debug|Any CPU
		{0DF5AC79-03B6-4DC7-BE09-B250DB1FABF7}.Debug|iPhone.Deploy.0 = Debug|Any CPU
		{0DF5AC79-03B6-4DC7-BE09-B250DB1FABF7}.Debug|iPhoneSimulator.ActiveCfg = Debug|Any CPU
		{0DF5AC79-03B6-4DC7-BE09-B250DB1FABF7}.Debug|iPhoneSimulator.Build.0 = Debug|Any CPU
		{0DF5AC79-03B6-4DC7-BE09-B250DB1FABF7}.Debug|iPhoneSimulator.Deploy.0 = Debug|Any CPU
		{0DF5AC79-03B6-4DC7-BE09-B250DB1FABF7}.Debug|x64.ActiveCfg = Debug|Any CPU
		{0DF5AC79-03B6-4DC7-BE09-B250DB1FABF7}.Debug|x64.Build.0 = Debug|Any CPU
		{0DF5AC79-03B6-4DC7-BE09-B250DB1FABF7}.Debug|x64.Deploy.0 = Debug|Any CPU
		{0DF5AC79-03B6-4DC7-BE09-B250DB1FABF7}.Debug|x86.ActiveCfg = Debug|Any CPU
		{0DF5AC79-03B6-4DC7-BE09-B250DB1FABF7}.Debug|x86.Build.0 = Debug|Any CPU
		{0DF5AC79-03B6-4DC7-BE09-B250DB1FABF7}.Debug|x86.Deploy.0 = Debug|Any CPU
		{0DF5AC79-03B6-4DC7-BE09-B250DB1FABF7}.Release|Any CPU.ActiveCfg = Release|Any CPU
		{0DF5AC79-03B6-4DC7-BE09-B250DB1FABF7}.Release|Any CPU.Build.0 = Release|Any CPU
		{0DF5AC79-03B6-4DC7-BE09-B250DB1FABF7}.Release|Any CPU.Deploy.0 = Release|Any CPU
		{0DF5AC79-03B6-4DC7-BE09-B250DB1FABF7}.Release|ARM.ActiveCfg = Release|Any CPU
		{0DF5AC79-03B6-4DC7-BE09-B250DB1FABF7}.Release|ARM.Build.0 = Release|Any CPU
		{0DF5AC79-03B6-4DC7-BE09-B250DB1FABF7}.Release|ARM.Deploy.0 = Release|Any CPU
		{0DF5AC79-03B6-4DC7-BE09-B250DB1FABF7}.Release|iPhone.ActiveCfg = Release|Any CPU
		{0DF5AC79-03B6-4DC7-BE09-B250DB1FABF7}.Release|iPhone.Build.0 = Release|Any CPU
		{0DF5AC79-03B6-4DC7-BE09-B250DB1FABF7}.Release|iPhone.Deploy.0 = Release|Any CPU
		{0DF5AC79-03B6-4DC7-BE09-B250DB1FABF7}.Release|iPhoneSimulator.ActiveCfg = Release|Any CPU
		{0DF5AC79-03B6-4DC7-BE09-B250DB1FABF7}.Release|iPhoneSimulator.Build.0 = Release|Any CPU
		{0DF5AC79-03B6-4DC7-BE09-B250DB1FABF7}.Release|iPhoneSimulator.Deploy.0 = Release|Any CPU
		{0DF5AC79-03B6-4DC7-BE09-B250DB1FABF7}.Release|x64.ActiveCfg = Release|Any CPU
		{0DF5AC79-03B6-4DC7-BE09-B250DB1FABF7}.Release|x64.Build.0 = Release|Any CPU
		{0DF5AC79-03B6-4DC7-BE09-B250DB1FABF7}.Release|x64.Deploy.0 = Release|Any CPU
		{0DF5AC79-03B6-4DC7-BE09-B250DB1FABF7}.Release|x86.ActiveCfg = Release|Any CPU
		{0DF5AC79-03B6-4DC7-BE09-B250DB1FABF7}.Release|x86.Build.0 = Release|Any CPU
		{0DF5AC79-03B6-4DC7-BE09-B250DB1FABF7}.Release|x86.Deploy.0 = Release|Any CPU
	EndGlobalSection
	GlobalSection(SolutionProperties) = preSolution
		HideSolutionNode = FALSE
	EndGlobalSection
	GlobalSection(ExtensibilityGlobals) = postSolution
		SolutionGuid = {2C26ED84-64F7-490D-8C37-4C50C36B1C14}
	EndGlobalSection
EndGlobal
