
Microsoft Visual Studio Solution File, Format Version 12.00
# Visual Studio Version 17
VisualStudioVersion = 17.0.31611.283
MinimumVisualStudioVersion = 10.0.40219.1
Project("{9A19103F-16F7-4668-BE54-9A1E7A4F7556}") = "EmailUsage", "EmailUsage\EmailUsage.csproj", "{7F85B993-71C1-46D5-B74A-162803ABE00D}"
EndProject
Project("{FAE04EC0-301F-11D3-BF4B-00C04F79EFBC}") = "PhoneUsage", "PhoneUsage\PhoneUsage.csproj", "{D6B99294-770E-4B9B-899D-0FB0A2A26180}"
EndProject
Project("{FAE04EC0-301F-11D3-BF4B-00C04F79EFBC}") = "AuthenUsage", "AuthenUsage\AuthenUsage.csproj", "{5AE47908-53F6-40B7-9681-1782CE1C6C51}"
EndProject
Global
	GlobalSection(SolutionConfigurationPlatforms) = preSolution
		Debug|Any CPU = Debug|Any CPU
		Release|Any CPU = Release|Any CPU
	EndGlobalSection
	GlobalSection(ProjectConfigurationPlatforms) = postSolution
		{7F85B993-71C1-46D5-B74A-162803ABE00D}.Debug|Any CPU.ActiveCfg = Debug|Any CPU
		{7F85B993-71C1-46D5-B74A-162803ABE00D}.Debug|Any CPU.Build.0 = Debug|Any CPU
		{7F85B993-71C1-46D5-B74A-162803ABE00D}.Debug|Any CPU.Deploy.0 = Debug|Any CPU
		{7F85B993-71C1-46D5-B74A-162803ABE00D}.Release|Any CPU.ActiveCfg = Release|Any CPU
		{7F85B993-71C1-46D5-B74A-162803ABE00D}.Release|Any CPU.Build.0 = Release|Any CPU
		{7F85B993-71C1-46D5-B74A-162803ABE00D}.Release|Any CPU.Deploy.0 = Release|Any CPU
		{D6B99294-770E-4B9B-899D-0FB0A2A26180}.Debug|Any CPU.ActiveCfg = Debug|Any CPU
		{D6B99294-770E-4B9B-899D-0FB0A2A26180}.Debug|Any CPU.Build.0 = Debug|Any CPU
		{D6B99294-770E-4B9B-899D-0FB0A2A26180}.Debug|Any CPU.Deploy.0 = Debug|Any CPU
		{D6B99294-770E-4B9B-899D-0FB0A2A26180}.Release|Any CPU.ActiveCfg = Release|Any CPU
		{D6B99294-770E-4B9B-899D-0FB0A2A26180}.Release|Any CPU.Build.0 = Release|Any CPU
		{D6B99294-770E-4B9B-899D-0FB0A2A26180}.Release|Any CPU.Deploy.0 = Release|Any CPU
		{5AE47908-53F6-40B7-9681-1782CE1C6C51}.Debug|Any CPU.ActiveCfg = Debug|Any CPU
		{5AE47908-53F6-40B7-9681-1782CE1C6C51}.Debug|Any CPU.Build.0 = Debug|Any CPU
		{5AE47908-53F6-40B7-9681-1782CE1C6C51}.Debug|Any CPU.Deploy.0 = Debug|Any CPU
		{5AE47908-53F6-40B7-9681-1782CE1C6C51}.Release|Any CPU.ActiveCfg = Release|Any CPU
		{5AE47908-53F6-40B7-9681-1782CE1C6C51}.Release|Any CPU.Build.0 = Release|Any CPU
		{5AE47908-53F6-40B7-9681-1782CE1C6C51}.Release|Any CPU.Deploy.0 = Release|Any CPU
	EndGlobalSection
	GlobalSection(SolutionProperties) = preSolution
		HideSolutionNode = FALSE
	EndGlobalSection
	GlobalSection(ExtensibilityGlobals) = postSolution
		SolutionGuid = {61F7FB11-1E47-470C-91E2-47F8143E1572}
	EndGlobalSection
EndGlobal
